
Microsoft Visual Studio Solution File, Format Version 12.00
Project("{FAE04EC0-301F-11D3-BF4B-00C04F79EFBC}") = "AppFirst", "AppFirst\AppFirst.csproj", "{789225E8-F2C1-41E3-89F8-639ACCFEC3E1}"
EndProject
Global
	GlobalSection(SolutionConfigurationPlatforms) = preSolution
		Debug|Any CPU = Debug|Any CPU
		Release|Any CPU = Release|Any CPU
	EndGlobalSection
	GlobalSection(ProjectConfigurationPlatforms) = postSolution
		{789225E8-F2C1-41E3-89F8-639ACCFEC3E1}.Debug|Any CPU.ActiveCfg = Debug|Any CPU
		{789225E8-F2C1-41E3-89F8-639ACCFEC3E1}.Debug|Any CPU.Build.0 = Debug|Any CPU
		{789225E8-F2C1-41E3-89F8-639ACCFEC3E1}.Release|Any CPU.ActiveCfg = Release|Any CPU
		{789225E8-F2C1-41E3-89F8-639ACCFEC3E1}.Release|Any CPU.Build.0 = Release|Any CPU
	EndGlobalSection
EndGlobal
