
Microsoft Visual Studio Solution File, Format Version 12.00
Project("{FAE04EC0-301F-11D3-BF4B-00C04F79EFBC}") = "StudentManagementApi", "StudentManagementApi\StudentManagementApi.csproj", "{2509B717-AB0F-4D54-87F7-B0E380753BDD}"
EndProject
Project("{FAE04EC0-301F-11D3-BF4B-00C04F79EFBC}") = "StudentData", "StudentData\StudentData.csproj", "{755F1AB5-6D04-4DAA-BC99-E7BB6A8E99F2}"
EndProject
Global
	GlobalSection(SolutionConfigurationPlatforms) = preSolution
		Debug|Any CPU = Debug|Any CPU
		Release|Any CPU = Release|Any CPU
	EndGlobalSection
	GlobalSection(ProjectConfigurationPlatforms) = postSolution
		{2509B717-AB0F-4D54-87F7-B0E380753BDD}.Debug|Any CPU.ActiveCfg = Debug|Any CPU
		{2509B717-AB0F-4D54-87F7-B0E380753BDD}.Debug|Any CPU.Build.0 = Debug|Any CPU
		{2509B717-AB0F-4D54-87F7-B0E380753BDD}.Release|Any CPU.ActiveCfg = Release|Any CPU
		{2509B717-AB0F-4D54-87F7-B0E380753BDD}.Release|Any CPU.Build.0 = Release|Any CPU
		{755F1AB5-6D04-4DAA-BC99-E7BB6A8E99F2}.Debug|Any CPU.ActiveCfg = Debug|Any CPU
		{755F1AB5-6D04-4DAA-BC99-E7BB6A8E99F2}.Debug|Any CPU.Build.0 = Debug|Any CPU
		{755F1AB5-6D04-4DAA-BC99-E7BB6A8E99F2}.Release|Any CPU.ActiveCfg = Release|Any CPU
		{755F1AB5-6D04-4DAA-BC99-E7BB6A8E99F2}.Release|Any CPU.Build.0 = Release|Any CPU
	EndGlobalSection
EndGlobal
